
Microsoft Visual Studio Solution File, Format Version 12.00
# Visual Studio Version 16
VisualStudioVersion = 16.0.29709.97
MinimumVisualStudioVersion = 10.0.40219.1
Project("{FAE04EC0-301F-11D3-BF4B-00C04F79EFBC}") = "Data", "Data\Data.csproj", "{485B078F-6432-4F84-BE00-76B21B05815F}"
EndProject
Project("{FAE04EC0-301F-11D3-BF4B-00C04F79EFBC}") = "Web", "Web\Web.csproj", "{4A023E9C-01BB-4A9B-99A1-2DAEDAAB93C3}"
EndProject
Global
	GlobalSection(SolutionConfigurationPlatforms) = preSolution
		Debug|Any CPU = Debug|Any CPU
		Release|Any CPU = Release|Any CPU
	EndGlobalSection
	GlobalSection(ProjectConfigurationPlatforms) = postSolution
		{485B078F-6432-4F84-BE00-76B21B05815F}.Debug|Any CPU.ActiveCfg = Debug|Any CPU
		{485B078F-6432-4F84-BE00-76B21B05815F}.Debug|Any CPU.Build.0 = Debug|Any CPU
		{485B078F-6432-4F84-BE00-76B21B05815F}.Release|Any CPU.ActiveCfg = Release|Any CPU
		{485B078F-6432-4F84-BE00-76B21B05815F}.Release|Any CPU.Build.0 = Release|Any CPU
		{4A023E9C-01BB-4A9B-99A1-2DAEDAAB93C3}.Debug|Any CPU.ActiveCfg = Debug|Any CPU
		{4A023E9C-01BB-4A9B-99A1-2DAEDAAB93C3}.Debug|Any CPU.Build.0 = Debug|Any CPU
		{4A023E9C-01BB-4A9B-99A1-2DAEDAAB93C3}.Release|Any CPU.ActiveCfg = Release|Any CPU
		{4A023E9C-01BB-4A9B-99A1-2DAEDAAB93C3}.Release|Any CPU.Build.0 = Release|Any CPU
	EndGlobalSection
	GlobalSection(SolutionProperties) = preSolution
		HideSolutionNode = FALSE
	EndGlobalSection
	GlobalSection(ExtensibilityGlobals) = postSolution
		SolutionGuid = {0C889F02-4AAB-428F-8D24-ACCFA3B24861}
	EndGlobalSection
EndGlobal
